
Microsoft Visual Studio Solution File, Format Version 12.00
Project("{2150E333-8FDC-42A3-9474-1A3956D46DE8}") = "Microservices", "Microservices", "{3D63020C-6DBB-4163-BDBB-F5C9A0211A1B}"
EndProject
Project("{FAE04EC0-301F-11D3-BF4B-00C04F79EFBC}") = "UserMicroservice.WebAPI", "UserMicroservice.WebAPI\UserMicroservice.WebAPI.csproj", "{92AA8C1F-C316-43CD-9703-6E816D140446}"
EndProject
Project("{2150E333-8FDC-42A3-9474-1A3956D46DE8}") = "UserMicroservice", "UserMicroservice", "{32E36940-1596-45A8-B3EA-78DE7873C7FA}"
EndProject
Project("{2150E333-8FDC-42A3-9474-1A3956D46DE8}") = "Gateway", "Gateway", "{395F229A-26C3-4852-87D9-B8DF6647751A}"
EndProject
Project("{2150E333-8FDC-42A3-9474-1A3956D46DE8}") = "App", "App", "{BF8B2917-81B5-4E79-94BE-4945196EB814}"
EndProject
Project("{2150E333-8FDC-42A3-9474-1A3956D46DE8}") = "IdentityMicroservice", "IdentityMicroservice", "{F753B0E0-2653-4C16-94FD-67CB19757234}"
EndProject
Project("{FAE04EC0-301F-11D3-BF4B-00C04F79EFBC}") = "Gateway.WebApi", "Gateway.WebApi\Gateway.WebApi.csproj", "{3670A403-6CD7-4624-A661-C96E9BCFE410}"
EndProject
Project("{FAE04EC0-301F-11D3-BF4B-00C04F79EFBC}") = "IdentityMicroservice.WebAPI", "IdentityMicroservice.WebAPI\IdentityMicroservice.WebAPI.csproj", "{61D0FF61-C998-482D-BFCF-B252D5F29A98}"
EndProject
Project("{FAE04EC0-301F-11D3-BF4B-00C04F79EFBC}") = "UserMicroservice.Data", "UserMicroservice.Data\UserMicroservice.Data.csproj", "{CF8CB526-DCF8-4BAF-9AF6-D92B6A27AB4F}"
EndProject
Project("{FAE04EC0-301F-11D3-BF4B-00C04F79EFBC}") = "Identity.Business", "Identity.Business\Identity.Business.csproj", "{B9AD74BE-DC7C-4917-8DA1-2E283B575505}"
EndProject
Project("{FAE04EC0-301F-11D3-BF4B-00C04F79EFBC}") = "UserMicroservice.Business", "UserMicroservice.Business\UserMicroservice.Business.csproj", "{787DE9A1-01C7-4B29-99DB-5A96F1B085F4}"
EndProject
Project("{2150E333-8FDC-42A3-9474-1A3956D46DE8}") = "PaymentMicroservice", "PaymentMicroservice", "{0807FCBD-0F65-4343-AB1C-8FDEB948E97C}"
EndProject
Project("{FAE04EC0-301F-11D3-BF4B-00C04F79EFBC}") = "PaymentMicroservice.Data", "PaymentMicroservice.Data\PaymentMicroservice.Data.csproj", "{4F8CA6FB-C582-4D1F-99A6-EA2B4ABDA9A8}"
EndProject
Project("{FAE04EC0-301F-11D3-BF4B-00C04F79EFBC}") = "PaymentMicroservice.Business", "PaymentMicroservice.Business\PaymentMicroservice.Business.csproj", "{EC24187F-FE63-4D55-8D0A-30235E4A6663}"
EndProject
Project("{FAE04EC0-301F-11D3-BF4B-00C04F79EFBC}") = "PaymentMicroservice.WebAPI", "PaymentMicroservice.WebAPI\PaymentMicroservice.WebAPI.csproj", "{309FDE70-F5BD-44EE-975D-C83707A2A920}"
EndProject
Project("{2150E333-8FDC-42A3-9474-1A3956D46DE8}") = "MessageBroker", "MessageBroker", "{DE1C304A-9B04-431D-AA3D-7E048661FAB3}"
EndProject
Project("{FAE04EC0-301F-11D3-BF4B-00C04F79EFBC}") = "Kafka", "Kafka\Kafka.csproj", "{054E4C60-7996-4BF7-BF3A-861F2A42362A}"
EndProject
Project("{FAE04EC0-301F-11D3-BF4B-00C04F79EFBC}") = "ConsoleApp", "ConsoleApp\ConsoleApp.csproj", "{A47EA466-1D09-470D-B0E5-426F87A8CD65}"
EndProject
Global
	GlobalSection(SolutionConfigurationPlatforms) = preSolution
		Debug|Any CPU = Debug|Any CPU
		Release|Any CPU = Release|Any CPU
	EndGlobalSection
	GlobalSection(ProjectConfigurationPlatforms) = postSolution
		{92AA8C1F-C316-43CD-9703-6E816D140446}.Debug|Any CPU.ActiveCfg = Debug|Any CPU
		{92AA8C1F-C316-43CD-9703-6E816D140446}.Debug|Any CPU.Build.0 = Debug|Any CPU
		{92AA8C1F-C316-43CD-9703-6E816D140446}.Release|Any CPU.ActiveCfg = Release|Any CPU
		{92AA8C1F-C316-43CD-9703-6E816D140446}.Release|Any CPU.Build.0 = Release|Any CPU
		{3670A403-6CD7-4624-A661-C96E9BCFE410}.Debug|Any CPU.ActiveCfg = Debug|Any CPU
		{3670A403-6CD7-4624-A661-C96E9BCFE410}.Debug|Any CPU.Build.0 = Debug|Any CPU
		{3670A403-6CD7-4624-A661-C96E9BCFE410}.Release|Any CPU.ActiveCfg = Release|Any CPU
		{3670A403-6CD7-4624-A661-C96E9BCFE410}.Release|Any CPU.Build.0 = Release|Any CPU
		{61D0FF61-C998-482D-BFCF-B252D5F29A98}.Debug|Any CPU.ActiveCfg = Debug|Any CPU
		{61D0FF61-C998-482D-BFCF-B252D5F29A98}.Debug|Any CPU.Build.0 = Debug|Any CPU
		{61D0FF61-C998-482D-BFCF-B252D5F29A98}.Release|Any CPU.ActiveCfg = Release|Any CPU
		{61D0FF61-C998-482D-BFCF-B252D5F29A98}.Release|Any CPU.Build.0 = Release|Any CPU
		{CF8CB526-DCF8-4BAF-9AF6-D92B6A27AB4F}.Debug|Any CPU.ActiveCfg = Debug|Any CPU
		{CF8CB526-DCF8-4BAF-9AF6-D92B6A27AB4F}.Debug|Any CPU.Build.0 = Debug|Any CPU
		{CF8CB526-DCF8-4BAF-9AF6-D92B6A27AB4F}.Release|Any CPU.ActiveCfg = Release|Any CPU
		{CF8CB526-DCF8-4BAF-9AF6-D92B6A27AB4F}.Release|Any CPU.Build.0 = Release|Any CPU
		{B9AD74BE-DC7C-4917-8DA1-2E283B575505}.Debug|Any CPU.ActiveCfg = Debug|Any CPU
		{B9AD74BE-DC7C-4917-8DA1-2E283B575505}.Debug|Any CPU.Build.0 = Debug|Any CPU
		{B9AD74BE-DC7C-4917-8DA1-2E283B575505}.Release|Any CPU.ActiveCfg = Release|Any CPU
		{B9AD74BE-DC7C-4917-8DA1-2E283B575505}.Release|Any CPU.Build.0 = Release|Any CPU
		{787DE9A1-01C7-4B29-99DB-5A96F1B085F4}.Debug|Any CPU.ActiveCfg = Debug|Any CPU
		{787DE9A1-01C7-4B29-99DB-5A96F1B085F4}.Debug|Any CPU.Build.0 = Debug|Any CPU
		{787DE9A1-01C7-4B29-99DB-5A96F1B085F4}.Release|Any CPU.ActiveCfg = Release|Any CPU
		{787DE9A1-01C7-4B29-99DB-5A96F1B085F4}.Release|Any CPU.Build.0 = Release|Any CPU
		{4F8CA6FB-C582-4D1F-99A6-EA2B4ABDA9A8}.Debug|Any CPU.ActiveCfg = Debug|Any CPU
		{4F8CA6FB-C582-4D1F-99A6-EA2B4ABDA9A8}.Debug|Any CPU.Build.0 = Debug|Any CPU
		{4F8CA6FB-C582-4D1F-99A6-EA2B4ABDA9A8}.Release|Any CPU.ActiveCfg = Release|Any CPU
		{4F8CA6FB-C582-4D1F-99A6-EA2B4ABDA9A8}.Release|Any CPU.Build.0 = Release|Any CPU
		{EC24187F-FE63-4D55-8D0A-30235E4A6663}.Debug|Any CPU.ActiveCfg = Debug|Any CPU
		{EC24187F-FE63-4D55-8D0A-30235E4A6663}.Debug|Any CPU.Build.0 = Debug|Any CPU
		{EC24187F-FE63-4D55-8D0A-30235E4A6663}.Release|Any CPU.ActiveCfg = Release|Any CPU
		{EC24187F-FE63-4D55-8D0A-30235E4A6663}.Release|Any CPU.Build.0 = Release|Any CPU
		{309FDE70-F5BD-44EE-975D-C83707A2A920}.Debug|Any CPU.ActiveCfg = Debug|Any CPU
		{309FDE70-F5BD-44EE-975D-C83707A2A920}.Debug|Any CPU.Build.0 = Debug|Any CPU
		{309FDE70-F5BD-44EE-975D-C83707A2A920}.Release|Any CPU.ActiveCfg = Release|Any CPU
		{309FDE70-F5BD-44EE-975D-C83707A2A920}.Release|Any CPU.Build.0 = Release|Any CPU
		{054E4C60-7996-4BF7-BF3A-861F2A42362A}.Debug|Any CPU.ActiveCfg = Debug|Any CPU
		{054E4C60-7996-4BF7-BF3A-861F2A42362A}.Debug|Any CPU.Build.0 = Debug|Any CPU
		{054E4C60-7996-4BF7-BF3A-861F2A42362A}.Release|Any CPU.ActiveCfg = Release|Any CPU
		{054E4C60-7996-4BF7-BF3A-861F2A42362A}.Release|Any CPU.Build.0 = Release|Any CPU
		{A47EA466-1D09-470D-B0E5-426F87A8CD65}.Debug|Any CPU.ActiveCfg = Debug|Any CPU
		{A47EA466-1D09-470D-B0E5-426F87A8CD65}.Debug|Any CPU.Build.0 = Debug|Any CPU
		{A47EA466-1D09-470D-B0E5-426F87A8CD65}.Release|Any CPU.ActiveCfg = Release|Any CPU
		{A47EA466-1D09-470D-B0E5-426F87A8CD65}.Release|Any CPU.Build.0 = Release|Any CPU
	EndGlobalSection
	GlobalSection(NestedProjects) = preSolution
		{32E36940-1596-45A8-B3EA-78DE7873C7FA} = {3D63020C-6DBB-4163-BDBB-F5C9A0211A1B}
		{92AA8C1F-C316-43CD-9703-6E816D140446} = {32E36940-1596-45A8-B3EA-78DE7873C7FA}
		{F753B0E0-2653-4C16-94FD-67CB19757234} = {3D63020C-6DBB-4163-BDBB-F5C9A0211A1B}
		{3670A403-6CD7-4624-A661-C96E9BCFE410} = {395F229A-26C3-4852-87D9-B8DF6647751A}
		{61D0FF61-C998-482D-BFCF-B252D5F29A98} = {F753B0E0-2653-4C16-94FD-67CB19757234}
		{CF8CB526-DCF8-4BAF-9AF6-D92B6A27AB4F} = {32E36940-1596-45A8-B3EA-78DE7873C7FA}
		{B9AD74BE-DC7C-4917-8DA1-2E283B575505} = {F753B0E0-2653-4C16-94FD-67CB19757234}
		{787DE9A1-01C7-4B29-99DB-5A96F1B085F4} = {32E36940-1596-45A8-B3EA-78DE7873C7FA}
		{0807FCBD-0F65-4343-AB1C-8FDEB948E97C} = {3D63020C-6DBB-4163-BDBB-F5C9A0211A1B}
		{4F8CA6FB-C582-4D1F-99A6-EA2B4ABDA9A8} = {0807FCBD-0F65-4343-AB1C-8FDEB948E97C}
		{EC24187F-FE63-4D55-8D0A-30235E4A6663} = {0807FCBD-0F65-4343-AB1C-8FDEB948E97C}
		{309FDE70-F5BD-44EE-975D-C83707A2A920} = {0807FCBD-0F65-4343-AB1C-8FDEB948E97C}
		{054E4C60-7996-4BF7-BF3A-861F2A42362A} = {DE1C304A-9B04-431D-AA3D-7E048661FAB3}
		{A47EA466-1D09-470D-B0E5-426F87A8CD65} = {BF8B2917-81B5-4E79-94BE-4945196EB814}
	EndGlobalSection
EndGlobal
